
Microsoft Visual Studio Solution File, Format Version 12.00
# Visual Studio Version 17
VisualStudioVersion = 17.9.34622.214
MinimumVisualStudioVersion = 10.0.40219.1
Project("{FAE04EC0-301F-11D3-BF4B-00C04F79EFBC}") = "BookStoreApp.API", "BookStoreApp.API\BookStoreApp.API.csproj", "{F2FC7DB4-64E3-4234-B029-2471A64E447E}"
EndProject
Global
	GlobalSection(SolutionConfigurationPlatforms) = preSolution
		Debug|Any CPU = Debug|Any CPU
		Release|Any CPU = Release|Any CPU
	EndGlobalSection
	GlobalSection(ProjectConfigurationPlatforms) = postSolution
		{F2FC7DB4-64E3-4234-B029-2471A64E447E}.Debug|Any CPU.ActiveCfg = Debug|Any CPU
		{F2FC7DB4-64E3-4234-B029-2471A64E447E}.Debug|Any CPU.Build.0 = Debug|Any CPU
		{F2FC7DB4-64E3-4234-B029-2471A64E447E}.Release|Any CPU.ActiveCfg = Release|Any CPU
		{F2FC7DB4-64E3-4234-B029-2471A64E447E}.Release|Any CPU.Build.0 = Release|Any CPU
	EndGlobalSection
	GlobalSection(SolutionProperties) = preSolution
		HideSolutionNode = FALSE
	EndGlobalSection
	GlobalSection(ExtensibilityGlobals) = postSolution
		SolutionGuid = {C439AB3A-5E38-4589-85B3-C73612B20F3F}
	EndGlobalSection
EndGlobal
